{
  "version": 4,
  "terraform_version": "1.3.7",
  "serial": 10,
  "lineage": "9f846a3e-d6a1-1473-860b-288ac175a28f",
  "outputs": {
    "name": {
      "value": "Terraform-Web-Instance",
      "type": "string"
    },
    "public_ip": {
      "value": "3.145.167.253",
      "type": "string"
    }
  },
  "resources": [
    {
      "mode": "managed",
      "type": "aws_instance",
      "name": "web",
      "provider": "provider[\"registry.terraform.io/hashicorp/aws\"]",
      "instances": [
        {
          "schema_version": 1,
          "attributes": {
            "ami": "ami-0c55b159cbfafe1f0",
            "arn": "arn:aws:ec2:us-east-2:617584713788:instance/i-0eaf8741373d9ef0f",
            "associate_public_ip_address": true,
            "availability_zone": "us-east-2a",
            "capacity_reservation_specification": [
              {
                "capacity_reservation_preference": "open",
                "capacity_reservation_target": []
              }
            ],
            "cpu_core_count": 1,
            "cpu_options": [
              {
                "amd_sev_snp": "",
                "core_count": 1,
                "threads_per_core": 1
              }
            ],
            "cpu_threads_per_core": 1,
            "credit_specification": [
              {
                "cpu_credits": "standard"
              }
            ],
            "disable_api_stop": false,
            "disable_api_termination": false,
            "ebs_block_device": [],
            "ebs_optimized": false,
            "enclave_options": [
              {
                "enabled": false
              }
            ],
            "ephemeral_block_device": [],
            "get_password_data": false,
            "hibernation": false,
            "host_id": "",
            "host_resource_group_arn": null,
            "iam_instance_profile": "",
            "id": "i-0eaf8741373d9ef0f",
            "instance_initiated_shutdown_behavior": "stop",
            "instance_state": "running",
            "instance_type": "t2.micro",
            "ipv6_address_count": 0,
            "ipv6_addresses": [],
            "key_name": "ssh_key",
            "launch_template": [],
            "maintenance_options": [
              {
                "auto_recovery": "default"
              }
            ],
            "metadata_options": [
              {
                "http_endpoint": "enabled",
                "http_put_response_hop_limit": 1,
                "http_tokens": "optional",
                "instance_metadata_tags": "disabled"
              }
            ],
            "monitoring": false,
            "network_interface": [],
            "outpost_arn": "",
            "password_data": "",
            "placement_group": "",
            "placement_partition_number": 0,
            "primary_network_interface_id": "eni-03edf62f15b36a4b9",
            "private_dns": "ip-172-31-7-134.us-east-2.compute.internal",
            "private_dns_name_options": [
              {
                "enable_resource_name_dns_a_record": false,
                "enable_resource_name_dns_aaaa_record": false,
                "hostname_type": "ip-name"
              }
            ],
            "private_ip": "172.31.7.134",
            "public_dns": "ec2-3-145-167-253.us-east-2.compute.amazonaws.com",
            "public_ip": "3.145.167.253",
            "root_block_device": [
              {
                "delete_on_termination": true,
                "device_name": "/dev/sda1",
                "encrypted": false,
                "iops": 100,
                "kms_key_id": "",
                "tags": {},
                "throughput": 0,
                "volume_id": "vol-02d61ebfc2b8ac7cb",
                "volume_size": 8,
                "volume_type": "gp2"
              }
            ],
            "secondary_private_ips": [],
            "security_groups": [
              "default"
            ],
            "source_dest_check": true,
            "subnet_id": "subnet-0ad8377d8a569b5d9",
            "tags": {
              "Name": "Terraform-Web-Instance"
            },
            "tags_all": {
              "Name": "Terraform-Web-Instance"
            },
            "tenancy": "default",
            "timeouts": null,
            "user_data": null,
            "user_data_base64": null,
            "user_data_replace_on_change": false,
            "volume_tags": null,
            "vpc_security_group_ids": [
              "sg-014c39dce6b239d23"
            ]
          },
          "sensitive_attributes": [],
          "private": "eyJlMmJmYjczMC1lY2FhLTExZTYtOGY4OC0zNDM2M2JjN2M0YzAiOnsiY3JlYXRlIjo2MDAwMDAwMDAwMDAsImRlbGV0ZSI6MTIwMDAwMDAwMDAwMCwidXBkYXRlIjo2MDAwMDAwMDAwMDB9LCJzY2hlbWFfdmVyc2lvbiI6IjEifQ==",
          "dependencies": [
            "aws_key_pair.ssh"
          ]
        }
      ]
    },
    {
      "mode": "managed",
      "type": "aws_key_pair",
      "name": "ssh",
      "provider": "provider[\"registry.terraform.io/hashicorp/aws\"]",
      "instances": [
        {
          "schema_version": 1,
          "attributes": {
            "arn": "arn:aws:ec2:us-east-2:617584713788:key-pair/ssh_key",
            "fingerprint": "53:26:94:65:f3:db:bb:9c:76:f5:59:0e:41:01:79:d2",
            "id": "ssh_key",
            "key_name": "ssh_key",
            "key_name_prefix": "",
            "key_pair_id": "key-05e5e152c24c5402e",
            "key_type": "rsa",
            "public_key": "ssh-rsa AAAAB3NzaC1yc2EAAAADAQABAAABgQCsoYrm4GbMLkkkM57kE+n3hd3FNxLBv34fY/Z+Pt0/Jh58uTfQmYBSAHr7QBY936RySIVrm3F97+AIF0+bPlP4SdMhJT8FUrr0QKTZIrcrn5+PTDA5HbQ9BsO11p2HDMqIBtnjZdtV+1yqruRwGVoyqAhbMq5gcBcAW7bFhF1/JkneV4sayob/IBZh2B5pr94tq5v+nFECOs3xFgrg1AdPWKqZyZTOdfP1LxsxCIegVulGCkiDoCTKy/mGKdQS1dCzYDk/IFUg9FQza2BWaK6ix3DWS2u1xXAY8bwnrsS/lwOCWrfB+MSzcmTWgb/2f0X0lMcHkXeNjRoMHatH4J5W7fcTuPwbGqKkZl6QFGWqMekvXAOdQHdC8oyQCDaDNsF7yHlDzF+PoVNrQjtCeROm7odQTEU0AyY7mrueDqLK5XDyYeaSi6j1Emf/NUyIAWuiTjWz9EjdynhxoPLmp6GKYQRFE7RKaVe96ZWCaQQ1X66uCCNh6H6zqnmujqbLZKM= ifpb@DSK15LB04-JP",
            "tags": {},
            "tags_all": {}
          },
          "sensitive_attributes": [],
          "private": "eyJzY2hlbWFfdmVyc2lvbiI6IjEifQ=="
        }
      ]
    }
  ],
  "check_results": null
}
